{
  "version": "5",
  "remote": {
    "https://deno.land/std@0.203.0/async/delay.ts": "a6142eb44cdd856b645086af2b811b1fcce08ec06bb7d50969e6a872ee9b8659",
    "https://deno.land/std@0.203.0/http/server.ts": "1b2403b3c544c0624ad23e8ca4e05877e65380d9e0d75d04957432d65c3d5f41"
  },
  "workspace": {
    "packageJson": {
      "dependencies": [
        "npm:@eslint/js@^9.9.1",
        "npm:@google/generative-ai@~0.2.1",
        "npm:@googlemaps/js-api-loader@^1.16.8",
        "npm:@supabase/supabase-js@^2.39.7",
        "npm:@types/deno@^2.3.0",
        "npm:@types/google.maps@^3.58.1",
        "npm:@types/react-beautiful-dnd@^13.1.8",
        "npm:@types/react-dom@^18.3.0",
        "npm:@types/react-slider@^1.3.6",
        "npm:@types/react@^18.3.5",
        "npm:@vitejs/plugin-react@^4.3.1",
        "npm:autoprefixer@^10.4.18",
        "npm:eslint-plugin-react-hooks@^5.1.0-rc.0",
        "npm:eslint-plugin-react-refresh@~0.4.11",
        "npm:eslint@^9.9.1",
        "npm:globals@^15.9.0",
        "npm:lucide-react@0.344",
        "npm:postcss@^8.4.35",
        "npm:react-beautiful-dnd@^13.1.1",
        "npm:react-dom@^18.3.1",
        "npm:react-router-dom@^6.23.0",
        "npm:react-slider@^2.0.6",
        "npm:react@^18.3.1",
        "npm:supabase@^2.24.3",
        "npm:tailwindcss@^3.4.1",
        "npm:typescript-eslint@^8.3.0",
        "npm:typescript@^5.5.3",
        "npm:vite@^6.3.5"
      ]
    }
  }
}
